DEPENDENCIES
  apache2 (~> 5.2.1)
  brightbox-ruby (~> 1.2.2)
  build-essential (~> 8.2.1)
  cyclescape
    path: local-cookbooks/cyclescape
  cyclescape-backups
    path: local-cookbooks/cyclescape-backups
  cyclescape-user
    path: local-cookbooks/cyclescape-user
  java (~> 2.2.0)
  letsencrypt
    path: local-cookbooks/letsencrypt
  munin
    path: local-cookbooks/munin
  munin-plugins-rails
    path: local-cookbooks/munin-plugins-rails
  nodejs (~> 5.0.0)
  ntp
    path: local-cookbooks/ntp
  passenger_apache2 (~> 3.1.0)
  postfix
    path: local-cookbooks/postfix
  postgres
    path: local-cookbooks/postgres
  ssl
    path: local-cookbooks/ssl

GRAPH
  apache2 (5.2.1)
  apt (7.1.0)
  ark (4.0.0)
    build-essential (>= 0.0.0)
    seven_zip (>= 0.0.0)
  brightbox-ruby (1.2.2)
    apt (>= 0.0.0)
  build-essential (8.2.1)
    mingw (>= 1.1)
    seven_zip (>= 0.0.0)
  cyclescape (0.1.0)
    apache2 (>= 0.0.0)
    apt (>= 0.0.0)
    brightbox-ruby (>= 0.0.0)
    cyclescape-backups (>= 0.0.0)
    cyclescape-user (>= 0.0.0)
    java (>= 0.0.0)
    letsencrypt (>= 0.0.0)
    munin-plugins-rails (>= 0.0.0)
    nodejs (>= 0.0.0)
    ntp (>= 0.0.0)
    passenger_apache2 (>= 0.0.0)
    postfix (>= 0.0.0)
    postgres (>= 0.0.0)
    ssl (>= 0.0.0)
    ufw (>= 0.0.0)
  cyclescape-backups (0.0.1)
  cyclescape-user (0.0.1)
  homebrew (5.0.5)
  java (2.2.0)
    homebrew (>= 0.0.0)
    windows (>= 0.0.0)
  letsencrypt (0.1.0)
    apt (>= 0.0.0)
  mingw (2.1.0)
    seven_zip (>= 0.0.0)
  munin (0.0.1)
  munin-plugins-rails (0.0.1)
  nodejs (5.0.0)
    ark (>= 2.0.2)
    build-essential (>= 0.0.0)
  ntp (0.0.1)
  passenger_apache2 (3.1.0)
    apache2 (>= 2.0)
    build-essential (>= 5.0)
  postfix (0.0.1)
  postgres (0.0.1)
  seven_zip (3.0.0)
    windows (>= 0.0.0)
  ssl (0.0.1)
  ufw (3.2.0)
    firewall (>= 2.0)
  windows (5.1.1)
